
Microsoft Visual Studio Solution File, Format Version 12.00
# Visual Studio Version 16
VisualStudioVersion = 16.0.31729.503
MinimumVisualStudioVersion = 10.0.40219.1
Project("{FAE04EC0-301F-11D3-BF4B-00C04F79EFBC}") = "MoodAnalyserDay20", "MoodAnalyserDay20\MoodAnalyserDay20.csproj", "{3CFB7AD8-70CB-4832-96EB-D089324369F7}"
EndProject
Project("{FAE04EC0-301F-11D3-BF4B-00C04F79EFBC}") = "MoodAnalyserDay20Test", "MoodAnalyserDay20Test\MoodAnalyserDay20Test.csproj", "{B5F48EB7-D83E-47D6-A5CB-DB211A871443}"
EndProject
Global
	GlobalSection(SolutionConfigurationPlatforms) = preSolution
		Debug|Any CPU = Debug|Any CPU
		Release|Any CPU = Release|Any CPU
	EndGlobalSection
	GlobalSection(ProjectConfigurationPlatforms) = postSolution
		{3CFB7AD8-70CB-4832-96EB-D089324369F7}.Debug|Any CPU.ActiveCfg = Debug|Any CPU
		{3CFB7AD8-70CB-4832-96EB-D089324369F7}.Debug|Any CPU.Build.0 = Debug|Any CPU
		{3CFB7AD8-70CB-4832-96EB-D089324369F7}.Release|Any CPU.ActiveCfg = Release|Any CPU
		{3CFB7AD8-70CB-4832-96EB-D089324369F7}.Release|Any CPU.Build.0 = Release|Any CPU
		{B5F48EB7-D83E-47D6-A5CB-DB211A871443}.Debug|Any CPU.ActiveCfg = Debug|Any CPU
		{B5F48EB7-D83E-47D6-A5CB-DB211A871443}.Debug|Any CPU.Build.0 = Debug|Any CPU
		{B5F48EB7-D83E-47D6-A5CB-DB211A871443}.Release|Any CPU.ActiveCfg = Release|Any CPU
		{B5F48EB7-D83E-47D6-A5CB-DB211A871443}.Release|Any CPU.Build.0 = Release|Any CPU
	EndGlobalSection
	GlobalSection(SolutionProperties) = preSolution
		HideSolutionNode = FALSE
	EndGlobalSection
	GlobalSection(ExtensibilityGlobals) = postSolution
		SolutionGuid = {0C84B0AC-D6B9-400C-B4A4-71CBCDEC5593}
	EndGlobalSection
EndGlobal
