
Microsoft Visual Studio Solution File, Format Version 12.00
# Visual Studio Version 16
VisualStudioVersion = 16.0.31729.503
MinimumVisualStudioVersion = 10.0.40219.1
Project("{9A19103F-16F7-4668-BE54-9A1E7A4F7556}") = "MoodAnalyserDay20Test", "MoodAnalyserDay20Test.csproj", "{066BAA59-FD1A-4D96-9DF0-C573DD6F783B}"
EndProject
Global
	GlobalSection(SolutionConfigurationPlatforms) = preSolution
		Debug|Any CPU = Debug|Any CPU
		Release|Any CPU = Release|Any CPU
	EndGlobalSection
	GlobalSection(ProjectConfigurationPlatforms) = postSolution
		{066BAA59-FD1A-4D96-9DF0-C573DD6F783B}.Debug|Any CPU.ActiveCfg = Debug|Any CPU
		{066BAA59-FD1A-4D96-9DF0-C573DD6F783B}.Debug|Any CPU.Build.0 = Debug|Any CPU
		{066BAA59-FD1A-4D96-9DF0-C573DD6F783B}.Release|Any CPU.ActiveCfg = Release|Any CPU
		{066BAA59-FD1A-4D96-9DF0-C573DD6F783B}.Release|Any CPU.Build.0 = Release|Any CPU
	EndGlobalSection
	GlobalSection(SolutionProperties) = preSolution
		HideSolutionNode = FALSE
	EndGlobalSection
	GlobalSection(ExtensibilityGlobals) = postSolution
		SolutionGuid = {F1470618-26AE-4FA3-BA87-E1059641EC27}
	EndGlobalSection
EndGlobal
